
Microsoft Visual Studio Solution File, Format Version 12.00
# Visual Studio Version 17
VisualStudioVersion = 17.7.34031.279
MinimumVisualStudioVersion = 10.0.40219.1
Project("{9A19103F-16F7-4668-BE54-9A1E7A4F7556}") = "BankingSystemApi", "BankingSystemApi\BankingSystemApi.csproj", "{F9206A75-F800-41FC-9419-88F0A92F0BF4}"
EndProject
Project("{9A19103F-16F7-4668-BE54-9A1E7A4F7556}") = "AppData", "AppData\AppData.csproj", "{DE500760-C864-469F-B14C-6FBB6EB0C3BD}"
EndProject
Project("{FAE04EC0-301F-11D3-BF4B-00C04F79EFBC}") = "Hangfire", "Hangfire\Hangfire.csproj", "{7CA8B49C-72DA-42AE-B364-A70D7BE1CADA}"
EndProject
Global
	GlobalSection(SolutionConfigurationPlatforms) = preSolution
		Debug|Any CPU = Debug|Any CPU
		Release|Any CPU = Release|Any CPU
	EndGlobalSection
	GlobalSection(ProjectConfigurationPlatforms) = postSolution
		{F9206A75-F800-41FC-9419-88F0A92F0BF4}.Debug|Any CPU.ActiveCfg = Debug|Any CPU
		{F9206A75-F800-41FC-9419-88F0A92F0BF4}.Debug|Any CPU.Build.0 = Debug|Any CPU
		{F9206A75-F800-41FC-9419-88F0A92F0BF4}.Release|Any CPU.ActiveCfg = Release|Any CPU
		{F9206A75-F800-41FC-9419-88F0A92F0BF4}.Release|Any CPU.Build.0 = Release|Any CPU
		{DE500760-C864-469F-B14C-6FBB6EB0C3BD}.Debug|Any CPU.ActiveCfg = Debug|Any CPU
		{DE500760-C864-469F-B14C-6FBB6EB0C3BD}.Debug|Any CPU.Build.0 = Debug|Any CPU
		{DE500760-C864-469F-B14C-6FBB6EB0C3BD}.Release|Any CPU.ActiveCfg = Release|Any CPU
		{DE500760-C864-469F-B14C-6FBB6EB0C3BD}.Release|Any CPU.Build.0 = Release|Any CPU
		{7CA8B49C-72DA-42AE-B364-A70D7BE1CADA}.Debug|Any CPU.ActiveCfg = Debug|Any CPU
		{7CA8B49C-72DA-42AE-B364-A70D7BE1CADA}.Debug|Any CPU.Build.0 = Debug|Any CPU
		{7CA8B49C-72DA-42AE-B364-A70D7BE1CADA}.Release|Any CPU.ActiveCfg = Release|Any CPU
		{7CA8B49C-72DA-42AE-B364-A70D7BE1CADA}.Release|Any CPU.Build.0 = Release|Any CPU
	EndGlobalSection
	GlobalSection(SolutionProperties) = preSolution
		HideSolutionNode = FALSE
	EndGlobalSection
	GlobalSection(ExtensibilityGlobals) = postSolution
		SolutionGuid = {F3967527-4A00-4198-ADD5-56F43A58CA62}
	EndGlobalSection
EndGlobal
